
Microsoft Visual Studio Solution File, Format Version 12.00
# Visual Studio Version 17
VisualStudioVersion = 17.3.32519.111
MinimumVisualStudioVersion = 10.0.40219.1
Project("{2150E333-8FDC-42A3-9474-1A3956D46DE8}") = "ShopManagement", "ShopManagement", "{A46437E4-5D3B-4878-8801-F5F489A25C17}"
EndProject
Project("{2150E333-8FDC-42A3-9474-1A3956D46DE8}") = "SM.Domain", "SM.Domain", "{3A52A0D4-EA48-4C19-9CEE-946E84EB15E0}"
EndProject
Project("{9A19103F-16F7-4668-BE54-9A1E7A4F7556}") = "ShopManagement.Domain", "ShopManagement.Domain\ShopManagement.Domain.csproj", "{0D772AEB-679C-46EB-99E0-A6818EE6C169}"
EndProject
Project("{9A19103F-16F7-4668-BE54-9A1E7A4F7556}") = "0_Framework", "0_Framework\0_Framework.csproj", "{9A2F018C-A181-4DEB-83E6-091E66C5762B}"
EndProject
Project("{2150E333-8FDC-42A3-9474-1A3956D46DE8}") = "SM.Application", "SM.Application", "{B02F36F7-0FA1-4FC5-917C-DED1A1440084}"
EndProject
Project("{9A19103F-16F7-4668-BE54-9A1E7A4F7556}") = "ShopManagement.Application.Contracts", "ShopManagement.Application.Contracts\ShopManagement.Application.Contracts.csproj", "{808DCD35-D968-4ECA-AED6-6F323B313DC0}"
EndProject
Project("{9A19103F-16F7-4668-BE54-9A1E7A4F7556}") = "ShopManagement.Application", "ShopManagement.Application\ShopManagement.Application.csproj", "{F9D5C302-0B05-45FE-A803-C42CAF4A0641}"
EndProject
Project("{2150E333-8FDC-42A3-9474-1A3956D46DE8}") = "SM.Infrastructure", "SM.Infrastructure", "{7DDF349A-6B49-46CB-97F0-370B31389AC7}"
EndProject
Project("{9A19103F-16F7-4668-BE54-9A1E7A4F7556}") = "ShopManagement.Infrastructure.EFCore", "ShopManagement.Infrastructure.EFCore\ShopManagement.Infrastructure.EFCore.csproj", "{ABFCC9C7-6C5D-4999-A8BE-FF4649EF5E72}"
EndProject
Project("{9A19103F-16F7-4668-BE54-9A1E7A4F7556}") = "ShopManagement.Configuration", "ShopManagement.Configuration\ShopManagement.Configuration.csproj", "{2575623D-E9BA-4161-B917-CC6A3D8EEE8F}"
EndProject
Project("{9A19103F-16F7-4668-BE54-9A1E7A4F7556}") = "ServiceHost", "ServiceHost\ServiceHost.csproj", "{3A2AE030-0826-4EBA-9CD6-8EC91569DDD3}"
EndProject
Project("{9A19103F-16F7-4668-BE54-9A1E7A4F7556}") = "01_LampshadeQuery", "01_LampshadeQuery\01_LampshadeQuery.csproj", "{501C6CD4-D451-4583-A03B-9281ADEF43FF}"
EndProject
Project("{2150E333-8FDC-42A3-9474-1A3956D46DE8}") = "DiscountManagement", "DiscountManagement", "{32DCB9E1-906B-4C33-B3BB-7F5EFEFD26FC}"
EndProject
Project("{2150E333-8FDC-42A3-9474-1A3956D46DE8}") = "DM.Domain", "DM.Domain", "{A336D4FD-324D-426C-83CD-D4F227C049D9}"
EndProject
Project("{9A19103F-16F7-4668-BE54-9A1E7A4F7556}") = "DiscountManagement.Domain", "DiscountManagement.Domain\DiscountManagement.Domain.csproj", "{77B8512F-634E-4938-8654-4D70249912A9}"
EndProject
Project("{2150E333-8FDC-42A3-9474-1A3956D46DE8}") = "DM.Application", "DM.Application", "{A6DA36AF-8C8B-4CAD-B3B2-730052842330}"
EndProject
Project("{9A19103F-16F7-4668-BE54-9A1E7A4F7556}") = "DiscountManagement.Application.Contract", "DiscountManagement.Application.Contract\DiscountManagement.Application.Contract.csproj", "{F2115185-CA85-4136-B139-860667579AD1}"
EndProject
Project("{9A19103F-16F7-4668-BE54-9A1E7A4F7556}") = "DiscountManagement.Application", "DiscountManagement.Application\DiscountManagement.Application.csproj", "{F55C9BED-30BC-4638-9606-53C055F245CB}"
EndProject
Project("{2150E333-8FDC-42A3-9474-1A3956D46DE8}") = "DM.Infrastructure", "DM.Infrastructure", "{01717D9F-042F-4B34-B5CB-E98EB671BA4D}"
EndProject
Project("{9A19103F-16F7-4668-BE54-9A1E7A4F7556}") = "DiscountManagement.Infrastructure.EFCore", "DiscountManagement.Infrastructure.EFCore\DiscountManagement.Infrastructure.EFCore.csproj", "{BE4CA630-2DD7-441C-8597-4C0E5C30C77A}"
EndProject
Project("{9A19103F-16F7-4668-BE54-9A1E7A4F7556}") = "DiscountManagement.Configuration", "DiscountManagement.Configuration\DiscountManagement.Configuration.csproj", "{CA53E004-C52D-42A9-8A28-C2082EBEABF7}"
EndProject
Project("{2150E333-8FDC-42A3-9474-1A3956D46DE8}") = "InventoryManagement", "InventoryManagement", "{F175347C-79BB-4725-BE80-046E1C15FDFF}"
EndProject
Project("{2150E333-8FDC-42A3-9474-1A3956D46DE8}") = "IM.Domain", "IM.Domain", "{9B62E4C6-3EBF-4197-BF72-E8866C4ECF64}"
EndProject
Project("{9A19103F-16F7-4668-BE54-9A1E7A4F7556}") = "InventoryManagement.Domain", "InventoryManagement.Domain\InventoryManagement.Domain.csproj", "{E36229B1-7554-4FB8-BEF8-12E92ABC59F5}"
EndProject
Project("{2150E333-8FDC-42A3-9474-1A3956D46DE8}") = "IM.Application", "IM.Application", "{DF8A80A2-1F0E-4B62-8F6B-6C1D4AFE34A0}"
EndProject
Project("{9A19103F-16F7-4668-BE54-9A1E7A4F7556}") = "InventoryManagement.Application.Contract", "InventoryManagement.Application.Contract\InventoryManagement.Application.Contract.csproj", "{9C273E71-BEBB-40EB-A6F2-059DBB46EA73}"
EndProject
Project("{2150E333-8FDC-42A3-9474-1A3956D46DE8}") = "IM.Infrastructure", "IM.Infrastructure", "{00C39FB6-C45C-4797-961F-9F806884AA8A}"
EndProject
Project("{9A19103F-16F7-4668-BE54-9A1E7A4F7556}") = "InventoryMangement.Infrastructure.EFCore", "InventoryMangement.Infrastructure.EFCore\InventoryMangement.Infrastructure.EFCore.csproj", "{2CCDCBD0-39AA-4756-9278-F7A1672B86AF}"
EndProject
Project("{9A19103F-16F7-4668-BE54-9A1E7A4F7556}") = "InventoryManagement.Infrastructure.Configuration", "InventoryManagement.Infrastructure.Configuration\InventoryManagement.Infrastructure.Configuration.csproj", "{F92ECE77-9FA1-4119-9608-CA6E02752E92}"
EndProject
Project("{9A19103F-16F7-4668-BE54-9A1E7A4F7556}") = "InventoryManagement.Application", "InventoryManagement.Application\InventoryManagement.Application.csproj", "{FA61BADB-A9EA-428D-A9CF-6A3000AA2045}"
EndProject
Global
	GlobalSection(SolutionConfigurationPlatforms) = preSolution
		Debug|Any CPU = Debug|Any CPU
		Release|Any CPU = Release|Any CPU
	EndGlobalSection
	GlobalSection(ProjectConfigurationPlatforms) = postSolution
		{0D772AEB-679C-46EB-99E0-A6818EE6C169}.Debug|Any CPU.ActiveCfg = Debug|Any CPU
		{0D772AEB-679C-46EB-99E0-A6818EE6C169}.Debug|Any CPU.Build.0 = Debug|Any CPU
		{0D772AEB-679C-46EB-99E0-A6818EE6C169}.Release|Any CPU.ActiveCfg = Release|Any CPU
		{0D772AEB-679C-46EB-99E0-A6818EE6C169}.Release|Any CPU.Build.0 = Release|Any CPU
		{9A2F018C-A181-4DEB-83E6-091E66C5762B}.Debug|Any CPU.ActiveCfg = Debug|Any CPU
		{9A2F018C-A181-4DEB-83E6-091E66C5762B}.Debug|Any CPU.Build.0 = Debug|Any CPU
		{9A2F018C-A181-4DEB-83E6-091E66C5762B}.Release|Any CPU.ActiveCfg = Release|Any CPU
		{9A2F018C-A181-4DEB-83E6-091E66C5762B}.Release|Any CPU.Build.0 = Release|Any CPU
		{808DCD35-D968-4ECA-AED6-6F323B313DC0}.Debug|Any CPU.ActiveCfg = Debug|Any CPU
		{808DCD35-D968-4ECA-AED6-6F323B313DC0}.Debug|Any CPU.Build.0 = Debug|Any CPU
		{808DCD35-D968-4ECA-AED6-6F323B313DC0}.Release|Any CPU.ActiveCfg = Release|Any CPU
		{808DCD35-D968-4ECA-AED6-6F323B313DC0}.Release|Any CPU.Build.0 = Release|Any CPU
		{F9D5C302-0B05-45FE-A803-C42CAF4A0641}.Debug|Any CPU.ActiveCfg = Debug|Any CPU
		{F9D5C302-0B05-45FE-A803-C42CAF4A0641}.Debug|Any CPU.Build.0 = Debug|Any CPU
		{F9D5C302-0B05-45FE-A803-C42CAF4A0641}.Release|Any CPU.ActiveCfg = Release|Any CPU
		{F9D5C302-0B05-45FE-A803-C42CAF4A0641}.Release|Any CPU.Build.0 = Release|Any CPU
		{ABFCC9C7-6C5D-4999-A8BE-FF4649EF5E72}.Debug|Any CPU.ActiveCfg = Debug|Any CPU
		{ABFCC9C7-6C5D-4999-A8BE-FF4649EF5E72}.Debug|Any CPU.Build.0 = Debug|Any CPU
		{ABFCC9C7-6C5D-4999-A8BE-FF4649EF5E72}.Release|Any CPU.ActiveCfg = Release|Any CPU
		{ABFCC9C7-6C5D-4999-A8BE-FF4649EF5E72}.Release|Any CPU.Build.0 = Release|Any CPU
		{2575623D-E9BA-4161-B917-CC6A3D8EEE8F}.Debug|Any CPU.ActiveCfg = Debug|Any CPU
		{2575623D-E9BA-4161-B917-CC6A3D8EEE8F}.Debug|Any CPU.Build.0 = Debug|Any CPU
		{2575623D-E9BA-4161-B917-CC6A3D8EEE8F}.Release|Any CPU.ActiveCfg = Release|Any CPU
		{2575623D-E9BA-4161-B917-CC6A3D8EEE8F}.Release|Any CPU.Build.0 = Release|Any CPU
		{3A2AE030-0826-4EBA-9CD6-8EC91569DDD3}.Debug|Any CPU.ActiveCfg = Debug|Any CPU
		{3A2AE030-0826-4EBA-9CD6-8EC91569DDD3}.Debug|Any CPU.Build.0 = Debug|Any CPU
		{3A2AE030-0826-4EBA-9CD6-8EC91569DDD3}.Release|Any CPU.ActiveCfg = Release|Any CPU
		{3A2AE030-0826-4EBA-9CD6-8EC91569DDD3}.Release|Any CPU.Build.0 = Release|Any CPU
		{501C6CD4-D451-4583-A03B-9281ADEF43FF}.Debug|Any CPU.ActiveCfg = Debug|Any CPU
		{501C6CD4-D451-4583-A03B-9281ADEF43FF}.Debug|Any CPU.Build.0 = Debug|Any CPU
		{501C6CD4-D451-4583-A03B-9281ADEF43FF}.Release|Any CPU.ActiveCfg = Release|Any CPU
		{501C6CD4-D451-4583-A03B-9281ADEF43FF}.Release|Any CPU.Build.0 = Release|Any CPU
		{77B8512F-634E-4938-8654-4D70249912A9}.Debug|Any CPU.ActiveCfg = Debug|Any CPU
		{77B8512F-634E-4938-8654-4D70249912A9}.Debug|Any CPU.Build.0 = Debug|Any CPU
		{77B8512F-634E-4938-8654-4D70249912A9}.Release|Any CPU.ActiveCfg = Release|Any CPU
		{77B8512F-634E-4938-8654-4D70249912A9}.Release|Any CPU.Build.0 = Release|Any CPU
		{F2115185-CA85-4136-B139-860667579AD1}.Debug|Any CPU.ActiveCfg = Debug|Any CPU
		{F2115185-CA85-4136-B139-860667579AD1}.Debug|Any CPU.Build.0 = Debug|Any CPU
		{F2115185-CA85-4136-B139-860667579AD1}.Release|Any CPU.ActiveCfg = Release|Any CPU
		{F2115185-CA85-4136-B139-860667579AD1}.Release|Any CPU.Build.0 = Release|Any CPU
		{F55C9BED-30BC-4638-9606-53C055F245CB}.Debug|Any CPU.ActiveCfg = Debug|Any CPU
		{F55C9BED-30BC-4638-9606-53C055F245CB}.Debug|Any CPU.Build.0 = Debug|Any CPU
		{F55C9BED-30BC-4638-9606-53C055F245CB}.Release|Any CPU.ActiveCfg = Release|Any CPU
		{F55C9BED-30BC-4638-9606-53C055F245CB}.Release|Any CPU.Build.0 = Release|Any CPU
		{BE4CA630-2DD7-441C-8597-4C0E5C30C77A}.Debug|Any CPU.ActiveCfg = Debug|Any CPU
		{BE4CA630-2DD7-441C-8597-4C0E5C30C77A}.Debug|Any CPU.Build.0 = Debug|Any CPU
		{BE4CA630-2DD7-441C-8597-4C0E5C30C77A}.Release|Any CPU.ActiveCfg = Release|Any CPU
		{BE4CA630-2DD7-441C-8597-4C0E5C30C77A}.Release|Any CPU.Build.0 = Release|Any CPU
		{CA53E004-C52D-42A9-8A28-C2082EBEABF7}.Debug|Any CPU.ActiveCfg = Debug|Any CPU
		{CA53E004-C52D-42A9-8A28-C2082EBEABF7}.Debug|Any CPU.Build.0 = Debug|Any CPU
		{CA53E004-C52D-42A9-8A28-C2082EBEABF7}.Release|Any CPU.ActiveCfg = Release|Any CPU
		{CA53E004-C52D-42A9-8A28-C2082EBEABF7}.Release|Any CPU.Build.0 = Release|Any CPU
		{E36229B1-7554-4FB8-BEF8-12E92ABC59F5}.Debug|Any CPU.ActiveCfg = Debug|Any CPU
		{E36229B1-7554-4FB8-BEF8-12E92ABC59F5}.Debug|Any CPU.Build.0 = Debug|Any CPU
		{E36229B1-7554-4FB8-BEF8-12E92ABC59F5}.Release|Any CPU.ActiveCfg = Release|Any CPU
		{E36229B1-7554-4FB8-BEF8-12E92ABC59F5}.Release|Any CPU.Build.0 = Release|Any CPU
		{9C273E71-BEBB-40EB-A6F2-059DBB46EA73}.Debug|Any CPU.ActiveCfg = Debug|Any CPU
		{9C273E71-BEBB-40EB-A6F2-059DBB46EA73}.Debug|Any CPU.Build.0 = Debug|Any CPU
		{9C273E71-BEBB-40EB-A6F2-059DBB46EA73}.Release|Any CPU.ActiveCfg = Release|Any CPU
		{9C273E71-BEBB-40EB-A6F2-059DBB46EA73}.Release|Any CPU.Build.0 = Release|Any CPU
		{2CCDCBD0-39AA-4756-9278-F7A1672B86AF}.Debug|Any CPU.ActiveCfg = Debug|Any CPU
		{2CCDCBD0-39AA-4756-9278-F7A1672B86AF}.Debug|Any CPU.Build.0 = Debug|Any CPU
		{2CCDCBD0-39AA-4756-9278-F7A1672B86AF}.Release|Any CPU.ActiveCfg = Release|Any CPU
		{2CCDCBD0-39AA-4756-9278-F7A1672B86AF}.Release|Any CPU.Build.0 = Release|Any CPU
		{F92ECE77-9FA1-4119-9608-CA6E02752E92}.Debug|Any CPU.ActiveCfg = Debug|Any CPU
		{F92ECE77-9FA1-4119-9608-CA6E02752E92}.Debug|Any CPU.Build.0 = Debug|Any CPU
		{F92ECE77-9FA1-4119-9608-CA6E02752E92}.Release|Any CPU.ActiveCfg = Release|Any CPU
		{F92ECE77-9FA1-4119-9608-CA6E02752E92}.Release|Any CPU.Build.0 = Release|Any CPU
		{FA61BADB-A9EA-428D-A9CF-6A3000AA2045}.Debug|Any CPU.ActiveCfg = Debug|Any CPU
		{FA61BADB-A9EA-428D-A9CF-6A3000AA2045}.Debug|Any CPU.Build.0 = Debug|Any CPU
		{FA61BADB-A9EA-428D-A9CF-6A3000AA2045}.Release|Any CPU.ActiveCfg = Release|Any CPU
		{FA61BADB-A9EA-428D-A9CF-6A3000AA2045}.Release|Any CPU.Build.0 = Release|Any CPU
	EndGlobalSection
	GlobalSection(SolutionProperties) = preSolution
		HideSolutionNode = FALSE
	EndGlobalSection
	GlobalSection(NestedProjects) = preSolution
		{3A52A0D4-EA48-4C19-9CEE-946E84EB15E0} = {A46437E4-5D3B-4878-8801-F5F489A25C17}
		{0D772AEB-679C-46EB-99E0-A6818EE6C169} = {3A52A0D4-EA48-4C19-9CEE-946E84EB15E0}
		{B02F36F7-0FA1-4FC5-917C-DED1A1440084} = {A46437E4-5D3B-4878-8801-F5F489A25C17}
		{808DCD35-D968-4ECA-AED6-6F323B313DC0} = {B02F36F7-0FA1-4FC5-917C-DED1A1440084}
		{F9D5C302-0B05-45FE-A803-C42CAF4A0641} = {B02F36F7-0FA1-4FC5-917C-DED1A1440084}
		{7DDF349A-6B49-46CB-97F0-370B31389AC7} = {A46437E4-5D3B-4878-8801-F5F489A25C17}
		{ABFCC9C7-6C5D-4999-A8BE-FF4649EF5E72} = {7DDF349A-6B49-46CB-97F0-370B31389AC7}
		{2575623D-E9BA-4161-B917-CC6A3D8EEE8F} = {7DDF349A-6B49-46CB-97F0-370B31389AC7}
		{A336D4FD-324D-426C-83CD-D4F227C049D9} = {32DCB9E1-906B-4C33-B3BB-7F5EFEFD26FC}
		{77B8512F-634E-4938-8654-4D70249912A9} = {A336D4FD-324D-426C-83CD-D4F227C049D9}
		{A6DA36AF-8C8B-4CAD-B3B2-730052842330} = {32DCB9E1-906B-4C33-B3BB-7F5EFEFD26FC}
		{F2115185-CA85-4136-B139-860667579AD1} = {A6DA36AF-8C8B-4CAD-B3B2-730052842330}
		{F55C9BED-30BC-4638-9606-53C055F245CB} = {A6DA36AF-8C8B-4CAD-B3B2-730052842330}
		{01717D9F-042F-4B34-B5CB-E98EB671BA4D} = {32DCB9E1-906B-4C33-B3BB-7F5EFEFD26FC}
		{BE4CA630-2DD7-441C-8597-4C0E5C30C77A} = {01717D9F-042F-4B34-B5CB-E98EB671BA4D}
		{CA53E004-C52D-42A9-8A28-C2082EBEABF7} = {01717D9F-042F-4B34-B5CB-E98EB671BA4D}
		{9B62E4C6-3EBF-4197-BF72-E8866C4ECF64} = {F175347C-79BB-4725-BE80-046E1C15FDFF}
		{E36229B1-7554-4FB8-BEF8-12E92ABC59F5} = {9B62E4C6-3EBF-4197-BF72-E8866C4ECF64}
		{DF8A80A2-1F0E-4B62-8F6B-6C1D4AFE34A0} = {F175347C-79BB-4725-BE80-046E1C15FDFF}
		{9C273E71-BEBB-40EB-A6F2-059DBB46EA73} = {DF8A80A2-1F0E-4B62-8F6B-6C1D4AFE34A0}
		{00C39FB6-C45C-4797-961F-9F806884AA8A} = {F175347C-79BB-4725-BE80-046E1C15FDFF}
		{2CCDCBD0-39AA-4756-9278-F7A1672B86AF} = {00C39FB6-C45C-4797-961F-9F806884AA8A}
		{F92ECE77-9FA1-4119-9608-CA6E02752E92} = {00C39FB6-C45C-4797-961F-9F806884AA8A}
		{FA61BADB-A9EA-428D-A9CF-6A3000AA2045} = {DF8A80A2-1F0E-4B62-8F6B-6C1D4AFE34A0}
	EndGlobalSection
	GlobalSection(ExtensibilityGlobals) = postSolution
		SolutionGuid = {7E5F26D4-63C8-45EE-9C77-B1C57A59777E}
	EndGlobalSection
EndGlobal
